// !$*UTF8*$!
{
	archiveVersion = 1;
	classes = {
	};
	objectVersion = 48;
	objects = {

/* Begin PBXBuildFile section */
		384CBE4D210CF2E700E26A0C /* AppDelegate.swift in Sources */ = {isa = PBXBuildFile; fileRef = 384CBE4C210CF2E700E26A0C /* AppDelegate.swift */; };
		384CBE4F210CF2E700E26A0C /* ViewController.swift in Sources */ = {isa = PBXBuildFile; fileRef = 384CBE4E210CF2E700E26A0C /* ViewController.swift */; };
		384CBE52210CF2E700E26A0C /* Main.storyboard in Resources */ = {isa = PBXBuildFile; fileRef = 384CBE50210CF2E700E26A0C /* Main.storyboard */; };
		384CBE54210CF2E700E26A0C /* Assets.xcassets in Resources */ = {isa = PBXBuildFile; fileRef = 384CBE53210CF2E700E26A0C /* Assets.xcassets */; };
		384CBE57210CF2E700E26A0C /* LaunchScreen.storyboard in Resources */ = {isa = PBXBuildFile; fileRef = 384CBE55210CF2E700E26A0C /* LaunchScreen.storyboard */; };
		384CBE62210CF2E800E26A0C /* VShootApplicationTests.swift in Sources */ = {isa = PBXBuildFile; fileRef = 384CBE61210CF2E800E26A0C /* VShootApplicationTests.swift */; };
/* End PBXBuildFile section */

/* Begin PBXContainerItemProxy section */
		384CBE5E210CF2E800E26A0C /* PBXContainerItemProxy */ = {
			isa = PBXContainerItemProxy;
			containerPortal = 384CBE41210CF2E700E26A0C /* Project object */;
			proxyType = 1;
			remoteGlobalIDString = 384CBE48210CF2E700E26A0C;
			remoteInfo = VShootApplication;
		};
/* End PBXContainerItemProxy section */

/* Begin PBXFileReference section */
		384CBE49210CF2E700E26A0C /* VShootApplication.app */ = {isa = PBXFileReference; explicitFileType = wrapper.application; includeInIndex = 0; path = VShootApplication.app; sourceTree = BUILT_PRODUCTS_DIR; };
		384CBE4C210CF2E700E26A0C /* AppDelegate.swift */ = {isa = PBXFileReference; lastKnownFileType = sourcecode.swift; path = AppDelegate.swift; sourceTree = "<group>"; };
		384CBE4E210CF2E700E26A0C /* ViewController.swift */ = {isa = PBXFileReference; lastKnownFileType = sourcecode.swift; path = ViewController.swift; sourceTree = "<group>"; };
		384CBE51210CF2E700E26A0C /* Base */ = {isa = PBXFileReference; lastKnownFileType = file.storyboard; name = Base; path = Base.lproj/Main.storyboard; sourceTree = "<group>"; };
		384CBE53210CF2E700E26A0C /* Assets.xcassets */ = {isa = PBXFileReference; lastKnownFileType = folder.assetcatalog; path = Assets.xcassets; sourceTree = "<group>"; };
		384CBE56210CF2E700E26A0C /* Base */ = {isa = PBXFileReference; lastKnownFileType = file.storyboard; name = Base; path = Base.lproj/LaunchScreen.storyboard; sourceTree = "<group>"; };
		384CBE58210CF2E700E26A0C /* Info.plist */ = {isa = PBXFileReference; lastKnownFileType = text.plist.xml; path = Info.plist; sourceTree = "<group>"; };
		384CBE5D210CF2E800E26A0C /* VShootApplicationTests.xctest */ = {isa = PBXFileReference; explicitFileType = wrapper.cfbundle; includeInIndex = 0; path = VShootApplicationTests.xctest; sourceTree = BUILT_PRODUCTS_DIR; };
		384CBE61210CF2E800E26A0C /* VShootApplicationTests.swift */ = {isa = PBXFileReference; lastKnownFileType = sourcecode.swift; path = VShootApplicationTests.swift; sourceTree = "<group>"; };
		384CBE63210CF2E800E26A0C /* Info.plist */ = {isa = PBXFileReference; lastKnownFileType = text.plist.xml; path = Info.plist; sourceTree = "<group>"; };
/* End PBXFileReference section */

/* Begin PBXFrameworksBuildPhase section */
		384CBE46210CF2E700E26A0C /* Frameworks */ = {
			isa = PBXFrameworksBuildPhase;
			buildActionMask = 2147483647;
			files = (
			);
			runOnlyForDeploymentPostprocessing = 0;
		};
		384CBE5A210CF2E800E26A0C /* Frameworks */ = {
			isa = PBXFrameworksBuildPhase;
			buildActionMask = 2147483647;
			files = (
			);
			runOnlyForDeploymentPostprocessing = 0;
		};
/* End PBXFrameworksBuildPhase section */

/* Begin PBXGroup section */
		384CBE40210CF2E700E26A0C = {
			isa = PBXGroup;
			children = (
				384CBE4B210CF2E700E26A0C /* VShootApplication */,
				384CBE60210CF2E800E26A0C /* VShootApplicationTests */,
				384CBE4A210CF2E700E26A0C /* Products */,
			);
			sourceTree = "<group>";
		};
		384CBE4A210CF2E700E26A0C /* Products */ = {
			isa = PBXGroup;
			children = (
				384CBE49210CF2E700E26A0C /* VShootApplication.app */,
				384CBE5D210CF2E800E26A0C /* VShootApplicationTests.xctest */,
			);
			name = Products;
			sourceTree = "<group>";
		};
		384CBE4B210CF2E700E26A0C /* VShootApplication */ = {
			isa = PBXGroup;
			children = (
				384CBE4C210CF2E700E26A0C /* AppDelegate.swift */,
				384CBE4E210CF2E700E26A0C /* ViewController.swift */,
				384CBE50210CF2E700E26A0C /* Main.storyboard */,
				384CBE53210CF2E700E26A0C /* Assets.xcassets */,
				384CBE55210CF2E700E26A0C /* LaunchScreen.storyboard */,
				384CBE58210CF2E700E26A0C /* Info.plist */,
			);
			path = VShootApplication;
			sourceTree = "<group>";
		};
		384CBE60210CF2E800E26A0C /* VShootApplicationTests */ = {
			isa = PBXGroup;
			children = (
				384CBE61210CF2E800E26A0C /* VShootApplicationTests.swift */,
				384CBE63210CF2E800E26A0C /* Info.plist */,
			);
			path = VShootApplicationTests;
			sourceTree = "<group>";
		};
/* End PBXGroup section */

/* Begin PBXNativeTarget section */
		384CBE48210CF2E700E26A0C /* VShootApplication */ = {
			isa = PBXNativeTarget;
			buildConfigurationList = 384CBE66210CF2E800E26A0C /* Build configuration list for PBXNativeTarget "VShootApplication" */;
			buildPhases = (
				384CBE45210CF2E700E26A0C /* Sources */,
				384CBE46210CF2E700E26A0C /* Frameworks */,
				384CBE47210CF2E700E26A0C /* Resources */,
			);
			buildRules = (
			);
			dependencies = (
			);
			name = VShootApplication;
			productName = VShootApplication;
			productReference = 384CBE49210CF2E700E26A0C /* VShootApplication.app */;
			productType = "com.apple.product-type.application";
		};
		384CBE5C210CF2E800E26A0C /* VShootApplicationTests */ = {
			isa = PBXNativeTarget;
			buildConfigurationList = 384CBE69210CF2E800E26A0C /* Build configuration list for PBXNativeTarget "VShootApplicationTests" */;
			buildPhases = (
				384CBE59210CF2E800E26A0C /* Sources */,
				384CBE5A210CF2E800E26A0C /* Frameworks */,
				384CBE5B210CF2E800E26A0C /* Resources */,
			);
			buildRules = (
			);
			dependencies = (
				384CBE5F210CF2E800E26A0C /* PBXTargetDependency */,
			);
			name = VShootApplicationTests;
			productName = VShootApplicationTests;
			productReference = 384CBE5D210CF2E800E26A0C /* VShootApplicationTests.xctest */;
			productType = "com.apple.product-type.bundle.unit-test";
		};
/* End PBXNativeTarget section */

/* Begin PBXProject section */
		384CBE41210CF2E700E26A0C /* Project object */ = {
			isa = PBXProject;
			attributes = {
				LastSwiftUpdateCheck = 0920;
				LastUpgradeCheck = 0920;
				ORGANIZATIONNAME = "Candice Wright";
				TargetAttributes = {
					384CBE48210CF2E700E26A0C = {
						CreatedOnToolsVersion = 9.2;
						ProvisioningStyle = Automatic;
					};
					384CBE5C210CF2E800E26A0C = {
						CreatedOnToolsVersion = 9.2;
						ProvisioningStyle = Automatic;
						TestTargetID = 384CBE48210CF2E700E26A0C;
					};
				};
			};
			buildConfigurationList = 384CBE44210CF2E700E26A0C /* Build configuration list for PBXProject "VShootApplication" */;
			compatibilityVersion = "Xcode 8.0";
			developmentRegion = en;
			hasScannedForEncodings = 0;
			knownRegions = (
				en,
				Base,
			);
			mainGroup = 384CBE40210CF2E700E26A0C;
			productRefGroup = 384CBE4A210CF2E700E26A0C /* Products */;
			projectDirPath = "";
			projectRoot = "";
			targets = (
				384CBE48210CF2E700E26A0C /* VShootApplication */,
				384CBE5C210CF2E800E26A0C /* VShootApplicationTests */,
			);
		};
/* End PBXProject section */

/* Begin PBXResourcesBuildPhase section */
		384CBE47210CF2E700E26A0C /* Resources */ = {
			isa = PBXResourcesBuildPhase;
			buildActionMask = 2147483647;
			files = (
				384CBE57210CF2E700E26A0C /* LaunchScreen.storyboard in Resources */,
				384CBE54210CF2E700E26A0C /* Assets.xcassets in Resources */,
				384CBE52210CF2E700E26A0C /* Main.storyboard in Resources */,
			);
			runOnlyForDeploymentPostprocessing = 0;
		};
		384CBE5B210CF2E800E26A0C /* Resources */ = {
			isa = PBXResourcesBuildPhase;
			buildActionMask = 2147483647;
			files = (
			);
			runOnlyForDeploymentPostprocessing = 0;
		};
/* End PBXResourcesBuildPhase section */

/* Begin PBXSourcesBuildPhase section */
		384CBE45210CF2E700E26A0C /* Sources */ = {
			isa = PBXSourcesBuildPhase;
			buildActionMask = 2147483647;
			files = (
				384CBE4F210CF2E700E26A0C /* ViewController.swift in Sources */,
				384CBE4D210CF2E700E26A0C /* AppDelegate.swift in Sources */,
			);
			runOnlyForDeploymentPostprocessing = 0;
		};
		384CBE59210CF2E800E26A0C /* Sources */ = {
			isa = PBXSourcesBuildPhase;
			buildActionMask = 2147483647;
			files = (
				384CBE62210CF2E800E26A0C /* VShootApplicationTests.swift in Sources */,
			);
			runOnlyForDeploymentPostprocessing = 0;
		};
/* End PBXSourcesBuildPhase section */

/* Begin PBXTargetDependency section */
		384CBE5F210CF2E800E26A0C /* PBXTargetDependency */ = {
			isa = PBXTargetDependency;
			target = 384CBE48210CF2E700E26A0C /* VShootApplication */;
			targetProxy = 384CBE5E210CF2E800E26A0C /* PBXContainerItemProxy */;
		};
/* End PBXTargetDependency section */

/* Begin PBXVariantGroup section */
		384CBE50210CF2E700E26A0C /* Main.storyboard */ = {
			isa = PBXVariantGroup;
			children = (
				384CBE51210CF2E700E26A0C /* Base */,
			);
			name = Main.storyboard;
			sourceTree = "<group>";
		};
		384CBE55210CF2E700E26A0C /* LaunchScreen.storyboard */ = {
			isa = PBXVariantGroup;
			children = (
				384CBE56210CF2E700E26A0C /* Base */,
			);
			name = LaunchScreen.storyboard;
			sourceTree = "<group>";
		};
/* End PBXVariantGroup section */

/* Begin XCBuildConfiguration section */
		384CBE64210CF2E800E26A0C /* Debug */ = {
			isa = XCBuildConfiguration;
			buildSettings = {
				ALWAYS_SEARCH_USER_PATHS = NO;
				CLANG_ANALYZER_NONNULL = YES;
				CLANG_ANALYZER_NUMBER_OBJECT_CONVERSION = YES_AGGRESSIVE;
				CLANG_CXX_LANGUAGE_STANDARD = "gnu++14";
				CLANG_CXX_LIBRARY = "libc++";
				CLANG_ENABLE_MODULES = YES;
				CLANG_ENABLE_OBJC_ARC = YES;
				CLANG_WARN_BLOCK_CAPTURE_AUTORELEASING = YES;
				CLANG_WARN_BOOL_CONVERSION = YES;
				CLANG_WARN_COMMA = YES;
				CLANG_WARN_CONSTANT_CONVERSION = YES;
				CLANG_WARN_DIRECT_OBJC_ISA_USAGE = YES_ERROR;
				CLANG_WARN_DOCUMENTATION_COMMENTS = YES;
				CLANG_WARN_EMPTY_BODY = YES;
				CLANG_WARN_ENUM_CONVERSION = YES;
				CLANG_WARN_INFINITE_RECURSION = YES;
				CLANG_WARN_INT_CONVERSION = YES;
				CLANG_WARN_NON_LITERAL_NULL_CONVERSION = YES;
				CLANG_WARN_OBJC_LITERAL_CONVERSION = YES;
				CLANG_WARN_OBJC_ROOT_CLASS = YES_ERROR;
				CLANG_WARN_RANGE_LOOP_ANALYSIS = YES;
				CLANG_WARN_STRICT_PROTOTYPES = YES;
				CLANG_WARN_SUSPICIOUS_MOVE = YES;
				CLANG_WARN_UNGUARDED_AVAILABILITY = YES_AGGRESSIVE;
				CLANG_WARN_UNREACHABLE_CODE = YES;
				CLANG_WARN__DUPLICATE_METHOD_MATCH = YES;
				CODE_SIGN_IDENTITY = "iPhone Developer";
				COPY_PHASE_STRIP = NO;
				DEBUG_INFORMATION_FORMAT = dwarf;
				ENABLE_STRICT_OBJC_MSGSEND = YES;
				ENABLE_TESTABILITY = YES;
				GCC_C_LANGUAGE_STANDARD = gnu11;
				GCC_DYNAMIC_NO_PIC = NO;
				GCC_NO_COMMON_BLOCKS = YES;
				GCC_OPTIMIZATION_LEVEL = 0;
				GCC_PREPROCESSOR_DEFINITIONS = (
					"DEBUG=1",
					"$(inherited)",
				);
				GCC_WARN_64_TO_32_BIT_CONVERSION = YES;
				GCC_WARN_ABOUT_RETURN_TYPE = YES_ERROR;
				GCC_WARN_UNDECLARED_SELECTOR = YES;
				GCC_WARN_UNINITIALIZED_AUTOS = YES_AGGRESSIVE;
				GCC_WARN_UNUSED_FUNCTION = YES;
				GCC_WARN_UNUSED_VARIABLE = YES;
				IPHONEOS_DEPLOYMENT_TARGET = 11.2;
				MTL_ENABLE_DEBUG_INFO = YES;
				ONLY_ACTIVE_ARCH = YES;
				SDKROOT = iphoneos;
				SWIFT_ACTIVE_COMPILATION_CONDITIONS = DEBUG;
				SWIFT_OPTIMIZATION_LEVEL = "-Onone";
			};
			name = Debug;
		};
		384CBE65210CF2E800E26A0C /* Release */ = {
			isa = XCBuildConfiguration;
			buildSettings = {
				ALWAYS_SEARCH_USER_PATHS = NO;
				CLANG_ANALYZER_NONNULL = YES;
				CLANG_ANALYZER_NUMBER_OBJECT_CONVERSION = YES_AGGRESSIVE;
				CLANG_CXX_LANGUAGE_STANDARD = "gnu++14";
				CLANG_CXX_LIBRARY = "libc++";
				CLANG_ENABLE_MODULES = YES;
				CLANG_ENABLE_OBJC_ARC = YES;
				CLANG_WARN_BLOCK_CAPTURE_AUTORELEASING = YES;
				CLANG_WARN_BOOL_CONVERSION = YES;
				CLANG_WARN_COMMA = YES;
				CLANG_WARN_CONSTANT_CONVERSION = YES;
				CLANG_WARN_DIRECT_OBJC_ISA_USAGE = YES_ERROR;
				CLANG_WARN_DOCUMENTATION_COMMENTS = YES;
				CLANG_WARN_EMPTY_BODY = YES;
				CLANG_WARN_ENUM_CONVERSION = YES;
				CLANG_WARN_INFINITE_RECURSION = YES;
				CLANG_WARN_INT_CONVERSION = YES;
				CLANG_WARN_NON_LITERAL_NULL_CONVERSION = YES;
				CLANG_WARN_OBJC_LITERAL_CONVERSION = YES;
				CLANG_WARN_OBJC_ROOT_CLASS = YES_ERROR;
				CLANG_WARN_RANGE_LOOP_ANALYSIS = YES;
				CLANG_WARN_STRICT_PROTOTYPES = YES;
				CLANG_WARN_SUSPICIOUS_MOVE = YES;
				CLANG_WARN_UNGUARDED_AVAILABILITY = YES_AGGRESSIVE;
				CLANG_WARN_UNREACHABLE_CODE = YES;
				CLANG_WARN__DUPLICATE_METHOD_MATCH = YES;
				CODE_SIGN_IDENTITY = "iPhone Developer";
				COPY_PHASE_STRIP = NO;
				DEBUG_INFORMATION_FORMAT = "dwarf-with-dsym";
				ENABLE_NS_ASSERTIONS = NO;
				ENABLE_STRICT_OBJC_MSGSEND = YES;
				GCC_C_LANGUAGE_STANDARD = gnu11;
				GCC_NO_COMMON_BLOCKS = YES;
				GCC_WARN_64_TO_32_BIT_CONVERSION = YES;
				GCC_WARN_ABOUT_RETURN_TYPE = YES_ERROR;
				GCC_WARN_UNDECLARED_SELECTOR = YES;
				GCC_WARN_UNINITIALIZED_AUTOS = YES_AGGRESSIVE;
				GCC_WARN_UNUSED_FUNCTION = YES;
				GCC_WARN_UNUSED_VARIABLE = YES;
				IPHONEOS_DEPLOYMENT_TARGET = 11.2;
				MTL_ENABLE_DEBUG_INFO = NO;
				SDKROOT = iphoneos;
				SWIFT_OPTIMIZATION_LEVEL = "-Owholemodule";
				VALIDATE_PRODUCT = YES;
			};
			name = Release;
		};
		384CBE67210CF2E800E26A0C /* Debug */ = {
			isa = XCBuildConfiguration;
			buildSettings = {
				ASSETCATALOG_COMPILER_APPICON_NAME = AppIcon;
				CODE_SIGN_STYLE = Automatic;
				DEVELOPMENT_TEAM = 2U932K7MAS;
				INFOPLIST_FILE = VShootApplication/Info.plist;
				LD_RUNPATH_SEARCH_PATHS = "$(inherited) @executable_path/Frameworks";
				PRODUCT_BUNDLE_IDENTIFIER = wright.candice.VShootApplication;
				PRODUCT_NAME = "$(TARGET_NAME)";
				SWIFT_VERSION = 4.0;
				TARGETED_DEVICE_FAMILY = "1,2";
			};
			name = Debug;
		};
		384CBE68210CF2E800E26A0C /* Release */ = {
			isa = XCBuildConfiguration;
			buildSettings = {
				ASSETCATALOG_COMPILER_APPICON_NAME = AppIcon;
				CODE_SIGN_STYLE = Automatic;
				DEVELOPMENT_TEAM = 2U932K7MAS;
				INFOPLIST_FILE = VShootApplication/Info.plist;
				LD_RUNPATH_SEARCH_PATHS = "$(inherited) @executable_path/Frameworks";
				PRODUCT_BUNDLE_IDENTIFIER = wright.candice.VShootApplication;
				PRODUCT_NAME = "$(TARGET_NAME)";
				SWIFT_VERSION = 4.0;
				TARGETED_DEVICE_FAMILY = "1,2";
			};
			name = Release;
		};
		384CBE6A210CF2E800E26A0C /* Debug */ = {
			isa = XCBuildConfiguration;
			buildSettings = {
				ALWAYS_EMBED_SWIFT_STANDARD_LIBRARIES = YES;
				BUNDLE_LOADER = "$(TEST_HOST)";
				CODE_SIGN_STYLE = Automatic;
				INFOPLIST_FILE = VShootApplicationTests/Info.plist;
				LD_RUNPATH_SEARCH_PATHS = "$(inherited) @executable_path/Frameworks @loader_path/Frameworks";
				PRODUCT_BUNDLE_IDENTIFIER = wright.candice.VShootApplicationTests;
				PRODUCT_NAME = "$(TARGET_NAME)";
				SWIFT_VERSION = 4.0;
				TARGETED_DEVICE_FAMILY = "1,2";
				TEST_HOST = "$(BUILT_PRODUCTS_DIR)/VShootApplication.app/VShootApplication";
			};
			name = Debug;
		};
		384CBE6B210CF2E800E26A0C /* Release */ = {
			isa = XCBuildConfiguration;
			buildSettings = {
				ALWAYS_EMBED_SWIFT_STANDARD_LIBRARIES = YES;
				BUNDLE_LOADER = "$(TEST_HOST)";
				CODE_SIGN_STYLE = Automatic;
				INFOPLIST_FILE = VShootApplicationTests/Info.plist;
				LD_RUNPATH_SEARCH_PATHS = "$(inherited) @executable_path/Frameworks @loader_path/Frameworks";
				PRODUCT_BUNDLE_IDENTIFIER = wright.candice.VShootApplicationTests;
				PRODUCT_NAME = "$(TARGET_NAME)";
				SWIFT_VERSION = 4.0;
				TARGETED_DEVICE_FAMILY = "1,2";
				TEST_HOST = "$(BUILT_PRODUCTS_DIR)/VShootApplication.app/VShootApplication";
			};
			name = Release;
		};
/* End XCBuildConfiguration section */

/* Begin XCConfigurationList section */
		384CBE44210CF2E700E26A0C /* Build configuration list for PBXProject "VShootApplication" */ = {
			isa = XCConfigurationList;
			buildConfigurations = (
				384CBE64210CF2E800E26A0C /* Debug */,
				384CBE65210CF2E800E26A0C /* Release */,
			);
			defaultConfigurationIsVisible = 0;
			defaultConfigurationName = Release;
		};
		384CBE66210CF2E800E26A0C /* Build configuration list for PBXNativeTarget "VShootApplication" */ = {
			isa = XCConfigurationList;
			buildConfigurations = (
				384CBE67210CF2E800E26A0C /* Debug */,
				384CBE68210CF2E800E26A0C /* Release */,
			);
			defaultConfigurationIsVisible = 0;
			defaultConfigurationName = Release;
		};
		384CBE69210CF2E800E26A0C /* Build configuration list for PBXNativeTarget "VShootApplicationTests" */ = {
			isa = XCConfigurationList;
			buildConfigurations = (
				384CBE6A210CF2E800E26A0C /* Debug */,
				384CBE6B210CF2E800E26A0C /* Release */,
			);
			defaultConfigurationIsVisible = 0;
			defaultConfigurationName = Release;
		};
/* End XCConfigurationList section */
	};
	rootObject = 384CBE41210CF2E700E26A0C /* Project object */;
}
